// !$*UTF8*$!
{
	archiveVersion = 1;
	classes = {
	};
	objectVersion = 46;
	objects = {

/* Begin PBXBuildFile section */
		CE6F973D198FE9FA009CED03 /* clap.aif in Resources */ = {isa = PBXBuildFile; fileRef = CE6F973C198FE9FA009CED03 /* clap.aif */; };
		CEA991CA198640F200CAB5AC /* Foundation.framework in Frameworks */ = {isa = PBXBuildFile; fileRef = CEA991C9198640F200CAB5AC /* Foundation.framework */; };
		CEA991CC198640F200CAB5AC /* CoreGraphics.framework in Frameworks */ = {isa = PBXBuildFile; fileRef = CEA991CB198640F200CAB5AC /* CoreGraphics.framework */; };
		CEA991CE198640F200CAB5AC /* UIKit.framework in Frameworks */ = {isa = PBXBuildFile; fileRef = CEA991CD198640F200CAB5AC /* UIKit.framework */; };
		CEA991D6198640F200CAB5AC /* InfoPlist.strings in Resources */ = {isa = PBXBuildFile; fileRef = CEA991D4198640F200CAB5AC /* InfoPlist.strings */; };
		CEA991D8198640F200CAB5AC /* main.m in Sources */ = {isa = PBXBuildFile; fileRef = CEA991D7198640F200CAB5AC /* main.m */; };
		CEA991DC198640F200CAB5AC /* SEAppDelegate.m in Sources */ = {isa = PBXBuildFile; fileRef = CEA991DB198640F200CAB5AC /* SEAppDelegate.m */; };
		CEA991DF198640F200CAB5AC /* Rhythmus.xcdatamodeld in Sources */ = {isa = PBXBuildFile; fileRef = CEA991DD198640F200CAB5AC /* Rhythmus.xcdatamodeld */; };
		CEA991E1198640F200CAB5AC /* Images.xcassets in Resources */ = {isa = PBXBuildFile; fileRef = CEA991E0198640F200CAB5AC /* Images.xcassets */; };
		CEA991E8198640F200CAB5AC /* XCTest.framework in Frameworks */ = {isa = PBXBuildFile; fileRef = CEA991E7198640F200CAB5AC /* XCTest.framework */; };
		CEA991E9198640F200CAB5AC /* Foundation.framework in Frameworks */ = {isa = PBXBuildFile; fileRef = CEA991C9198640F200CAB5AC /* Foundation.framework */; };
		CEA991EA198640F200CAB5AC /* UIKit.framework in Frameworks */ = {isa = PBXBuildFile; fileRef = CEA991CD198640F200CAB5AC /* UIKit.framework */; };
		CEA991F3198640F200CAB5AC /* InfoPlist.strings in Resources */ = {isa = PBXBuildFile; fileRef = CEA991F1198640F200CAB5AC /* InfoPlist.strings */; };
		CEA991F5198640F200CAB5AC /* RhythmusTests.m in Sources */ = {isa = PBXBuildFile; fileRef = CEA991F4198640F200CAB5AC /* RhythmusTests.m */; };
		CEA992201986466800CAB5AC /* SERhythmusPattern.m in Sources */ = {isa = PBXBuildFile; fileRef = CEA9921B1986466800CAB5AC /* SERhythmusPattern.m */; };
		CEA9928319878E3700CAB5AC /* SESequencer.m in Sources */ = {isa = PBXBuildFile; fileRef = CEA9928219878E3700CAB5AC /* SESequencer.m */; };
		CEA9928C19878EA900CAB5AC /* SESystemTimer.m in Sources */ = {isa = PBXBuildFile; fileRef = CEA9928B19878EA900CAB5AC /* SESystemTimer.m */; };
		CEA992941987934F00CAB5AC /* SESequencerMessage.m in Sources */ = {isa = PBXBuildFile; fileRef = CEA992931987934F00CAB5AC /* SESequencerMessage.m */; };
		CEA992A2198A85FE00CAB5AC /* SEAudioController.m in Sources */ = {isa = PBXBuildFile; fileRef = CEA992A1198A85FE00CAB5AC /* SEAudioController.m */; };
		CEA992A6198A892200CAB5AC /* AudioToolbox.framework in Frameworks */ = {isa = PBXBuildFile; fileRef = CEA992A5198A892200CAB5AC /* AudioToolbox.framework */; };
		CED77FD1199375D90014449A /* SEMusicTimebase.m in Sources */ = {isa = PBXBuildFile; fileRef = CED77FD0199375D90014449A /* SEMusicTimebase.m */; };
		CED77FD41993E99A0014449A /* UIColor+iOS7Colors.m in Sources */ = {isa = PBXBuildFile; fileRef = CED77FD31993E99A0014449A /* UIColor+iOS7Colors.m */; };
		CED77FD81993F59D0014449A /* PadsWorkspaceVC.m in Sources */ = {isa = PBXBuildFile; fileRef = CED77FD71993F59D0014449A /* PadsWorkspaceVC.m */; };
		CED77FDB1993FC570014449A /* bassdrum.aif in Resources */ = {isa = PBXBuildFile; fileRef = CED77FD91993FC570014449A /* bassdrum.aif */; };
		CED77FDC1993FC570014449A /* hihat.aif in Resources */ = {isa = PBXBuildFile; fileRef = CED77FDA1993FC570014449A /* hihat.aif */; };
		CED77FE21994D3800014449A /* PlaybackVC.m in Sources */ = {isa = PBXBuildFile; fileRef = CED77FE11994D3800014449A /* PlaybackVC.m */; };
		CED77FEB1994E4EC0014449A /* recButtonActive.png in Resources */ = {isa = PBXBuildFile; fileRef = CED77FE71994E4EC0014449A /* recButtonActive.png */; };
		CED77FEC1994E4EC0014449A /* recButtonActive@2x.png in Resources */ = {isa = PBXBuildFile; fileRef = CED77FE81994E4EC0014449A /* recButtonActive@2x.png */; };
		CED77FED1994E4EC0014449A /* recButtonDisactive.png in Resources */ = {isa = PBXBuildFile; fileRef = CED77FE91994E4EC0014449A /* recButtonDisactive.png */; };
		CED77FEE1994E4EC0014449A /* recButtonDisactive@2x.png in Resources */ = {isa = PBXBuildFile; fileRef = CED77FEA1994E4EC0014449A /* recButtonDisactive@2x.png */; };
		CED77FF71994E8AE0014449A /* recButtonRecording.png in Resources */ = {isa = PBXBuildFile; fileRef = CED77FEF1994E8AE0014449A /* recButtonRecording.png */; };
		CED77FF81994E8AE0014449A /* recButtonRecording@2x.png in Resources */ = {isa = PBXBuildFile; fileRef = CED77FF01994E8AE0014449A /* recButtonRecording@2x.png */; };
		CED77FF91994E8AE0014449A /* playButtonDisactive.png in Resources */ = {isa = PBXBuildFile; fileRef = CED77FF11994E8AE0014449A /* playButtonDisactive.png */; };
		CED77FFA1994E8AE0014449A /* playButtonDisactive@2x.png in Resources */ = {isa = PBXBuildFile; fileRef = CED77FF21994E8AE0014449A /* playButtonDisactive@2x.png */; };
		CED77FFB1994E8AE0014449A /* playButtonActive.png in Resources */ = {isa = PBXBuildFile; fileRef = CED77FF31994E8AE0014449A /* playButtonActive.png */; };
		CED77FFC1994E8AE0014449A /* playButtonActive@2x.png in Resources */ = {isa = PBXBuildFile; fileRef = CED77FF41994E8AE0014449A /* playButtonActive@2x.png */; };
		CED77FFD1994E8AE0014449A /* playButtonPlaying.png in Resources */ = {isa = PBXBuildFile; fileRef = CED77FF51994E8AE0014449A /* playButtonPlaying.png */; };
		CED77FFE1994E8AE0014449A /* playButtonPlaying@2x.png in Resources */ = {isa = PBXBuildFile; fileRef = CED77FF61994E8AE0014449A /* playButtonPlaying@2x.png */; };
		CED7800219953F450014449A /* drumstick.wav in Resources */ = {isa = PBXBuildFile; fileRef = CED7800119953F450014449A /* drumstick.wav */; };
		CEE7662E198CF499002A3E93 /* fileCabinet.png in Resources */ = {isa = PBXBuildFile; fileRef = CEE76628198CF499002A3E93 /* fileCabinet.png */; };
		CEE7662F198CF499002A3E93 /* fileCabinet@2x.png in Resources */ = {isa = PBXBuildFile; fileRef = CEE76629198CF499002A3E93 /* fileCabinet@2x.png */; };
		CEE76630198CF499002A3E93 /* padViewTabIcon.png in Resources */ = {isa = PBXBuildFile; fileRef = CEE7662A198CF499002A3E93 /* padViewTabIcon.png */; };
		CEE76631198CF499002A3E93 /* padViewTabIcon@2x.png in Resources */ = {isa = PBXBuildFile; fileRef = CEE7662B198CF499002A3E93 /* padViewTabIcon@2x.png */; };
		CEE76632198CF499002A3E93 /* pencil.png in Resources */ = {isa = PBXBuildFile; fileRef = CEE7662C198CF499002A3E93 /* pencil.png */; };
		CEE76633198CF499002A3E93 /* pencil@2x.png in Resources */ = {isa = PBXBuildFile; fileRef = CEE7662D198CF499002A3E93 /* pencil@2x.png */; };
		CEE76636198CF509002A3E93 /* UIColor+ColorFromHexString.m in Sources */ = {isa = PBXBuildFile; fileRef = CEE76634198CF509002A3E93 /* UIColor+ColorFromHexString.m */; };
		CEE76638198CF516002A3E93 /* snare.aif in Resources */ = {isa = PBXBuildFile; fileRef = CEE76637198CF516002A3E93 /* snare.aif */; };
		CEE7663F198CF7E2002A3E93 /* tapBarBackground.png in Resources */ = {isa = PBXBuildFile; fileRef = CEE7663D198CF7E2002A3E93 /* tapBarBackground.png */; };
		CEE76640198CF7E2002A3E93 /* tapBarBackground@2x.png in Resources */ = {isa = PBXBuildFile; fileRef = CEE7663E198CF7E2002A3E93 /* tapBarBackground@2x.png */; };
		CEE76644198CFDEB002A3E93 /* SELibraryVC.m in Sources */ = {isa = PBXBuildFile; fileRef = CEE76642198CFDEB002A3E93 /* SELibraryVC.m */; };
		CEE76645198CFDEB002A3E93 /* SELibraryVC.xib in Resources */ = {isa = PBXBuildFile; fileRef = CEE76643198CFDEB002A3E93 /* SELibraryVC.xib */; };
		CEE7664C198CFE30002A3E93 /* SEPadsVC.m in Sources */ = {isa = PBXBuildFile; fileRef = CEE7664A198CFE30002A3E93 /* SEPadsVC.m */; };
		CEE7664D198CFE30002A3E93 /* SEPadsVC.xib in Resources */ = {isa = PBXBuildFile; fileRef = CEE7664B198CFE30002A3E93 /* SEPadsVC.xib */; };
		CEE76651198CFE4C002A3E93 /* SERedactorVC.m in Sources */ = {isa = PBXBuildFile; fileRef = CEE7664F198CFE4C002A3E93 /* SERedactorVC.m */; };
		CEE76652198CFE4C002A3E93 /* SERedactorVC.xib in Resources */ = {isa = PBXBuildFile; fileRef = CEE76650198CFE4C002A3E93 /* SERedactorVC.xib */; };
/* End PBXBuildFile section */

/* Begin PBXContainerItemProxy section */
		CEA991EC198640F200CAB5AC /* PBXContainerItemProxy */ = {
			isa = PBXContainerItemProxy;
			containerPortal = CEA991BE198640F200CAB5AC /* Project object */;
			proxyType = 1;
			remoteGlobalIDString = CEA991C5198640F200CAB5AC;
			remoteInfo = Rhythmus;
		};
/* End PBXContainerItemProxy section */

/* Begin PBXFileReference section */
		CE6F973C198FE9FA009CED03 /* clap.aif */ = {isa = PBXFileReference; lastKnownFileType = file; name = clap.aif; path = Sounds/clap.aif; sourceTree = "<group>"; };
		CEA991C6198640F200CAB5AC /* Rhythmus.app */ = {isa = PBXFileReference; explicitFileType = wrapper.application; includeInIndex = 0; path = Rhythmus.app; sourceTree = BUILT_PRODUCTS_DIR; };
		CEA991C9198640F200CAB5AC /* Foundation.framework */ = {isa = PBXFileReference; lastKnownFileType = wrapper.framework; name = Foundation.framework; path = System/Library/Frameworks/Foundation.framework; sourceTree = SDKROOT; };
		CEA991CB198640F200CAB5AC /* CoreGraphics.framework */ = {isa = PBXFileReference; lastKnownFileType = wrapper.framework; name = CoreGraphics.framework; path = System/Library/Frameworks/CoreGraphics.framework; sourceTree = SDKROOT; };
		CEA991CD198640F200CAB5AC /* UIKit.framework */ = {isa = PBXFileReference; lastKnownFileType = wrapper.framework; name = UIKit.framework; path = System/Library/Frameworks/UIKit.framework; sourceTree = SDKROOT; };
		CEA991D3198640F200CAB5AC /* Rhythmus-Info.plist */ = {isa = PBXFileReference; lastKnownFileType = text.plist.xml; path = "Rhythmus-Info.plist"; sourceTree = "<group>"; };
		CEA991D5198640F200CAB5AC /* en */ = {isa = PBXFileReference; lastKnownFileType = text.plist.strings; name = en; path = en.lproj/InfoPlist.strings; sourceTree = "<group>"; };
		CEA991D7198640F200CAB5AC /* main.m */ = {isa = PBXFileReference; lastKnownFileType = sourcecode.c.objc; path = main.m; sourceTree = "<group>"; };
		CEA991D9198640F200CAB5AC /* Rhythmus-Prefix.pch */ = {isa = PBXFileReference; lastKnownFileType = sourcecode.c.h; path = "Rhythmus-Prefix.pch"; sourceTree = "<group>"; };
		CEA991DA198640F200CAB5AC /* SEAppDelegate.h */ = {isa = PBXFileReference; lastKnownFileType = sourcecode.c.h; path = SEAppDelegate.h; sourceTree = "<group>"; };
		CEA991DB198640F200CAB5AC /* SEAppDelegate.m */ = {isa = PBXFileReference; lastKnownFileType = sourcecode.c.objc; path = SEAppDelegate.m; sourceTree = "<group>"; };
		CEA991DE198640F200CAB5AC /* Rhythmus.xcdatamodel */ = {isa = PBXFileReference; lastKnownFileType = wrapper.xcdatamodel; path = Rhythmus.xcdatamodel; sourceTree = "<group>"; };
		CEA991E0198640F200CAB5AC /* Images.xcassets */ = {isa = PBXFileReference; lastKnownFileType = folder.assetcatalog; path = Images.xcassets; sourceTree = "<group>"; };
		CEA991E6198640F200CAB5AC /* RhythmusTests.xctest */ = {isa = PBXFileReference; explicitFileType = wrapper.cfbundle; includeInIndex = 0; path = RhythmusTests.xctest; sourceTree = BUILT_PRODUCTS_DIR; };
		CEA991E7198640F200CAB5AC /* XCTest.framework */ = {isa = PBXFileReference; lastKnownFileType = wrapper.framework; name = XCTest.framework; path = Library/Frameworks/XCTest.framework; sourceTree = DEVELOPER_DIR; };
		CEA991F0198640F200CAB5AC /* RhythmusTests-Info.plist */ = {isa = PBXFileReference; lastKnownFileType = text.plist.xml; path = "RhythmusTests-Info.plist"; sourceTree = "<group>"; };
		CEA991F2198640F200CAB5AC /* en */ = {isa = PBXFileReference; lastKnownFileType = text.plist.strings; name = en; path = en.lproj/InfoPlist.strings; sourceTree = "<group>"; };
		CEA991F4198640F200CAB5AC /* RhythmusTests.m */ = {isa = PBXFileReference; lastKnownFileType = sourcecode.c.objc; path = RhythmusTests.m; sourceTree = "<group>"; };
		CEA9921A1986466800CAB5AC /* SERhythmusPattern.h */ = {isa = PBXFileReference; fileEncoding = 4; lastKnownFileType = sourcecode.c.h; name = SERhythmusPattern.h; path = Rhythmus/API/Sequencer/SERhythmusPattern.h; sourceTree = "<group>"; };
		CEA9921B1986466800CAB5AC /* SERhythmusPattern.m */ = {isa = PBXFileReference; fileEncoding = 4; lastKnownFileType = sourcecode.c.objc; name = SERhythmusPattern.m; path = Rhythmus/API/Sequencer/SERhythmusPattern.m; sourceTree = "<group>"; };
		CEA9928119878E3700CAB5AC /* SESequencer.h */ = {isa = PBXFileReference; fileEncoding = 4; lastKnownFileType = sourcecode.c.h; name = SESequencer.h; path = Rhythmus/API/Sequencer/SESequencer.h; sourceTree = "<group>"; };
		CEA9928219878E3700CAB5AC /* SESequencer.m */ = {isa = PBXFileReference; fileEncoding = 4; lastKnownFileType = sourcecode.c.objc; name = SESequencer.m; path = Rhythmus/API/Sequencer/SESequencer.m; sourceTree = "<group>"; };
		CEA9928A19878EA900CAB5AC /* SESystemTimer.h */ = {isa = PBXFileReference; fileEncoding = 4; lastKnownFileType = sourcecode.c.h; name = SESystemTimer.h; path = Rhythmus/API/Sequencer/SESystemTimer.h; sourceTree = "<group>"; };
		CEA9928B19878EA900CAB5AC /* SESystemTimer.m */ = {isa = PBXFileReference; fileEncoding = 4; lastKnownFileType = sourcecode.c.objc; name = SESystemTimer.m; path = Rhythmus/API/Sequencer/SESystemTimer.m; sourceTree = "<group>"; };
		CEA992921987934F00CAB5AC /* SESequencerMessage.h */ = {isa = PBXFileReference; fileEncoding = 4; lastKnownFileType = sourcecode.c.h; name = SESequencerMessage.h; path = Rhythmus/API/Sequencer/SESequencerMessage.h; sourceTree = "<group>"; };
		CEA992931987934F00CAB5AC /* SESequencerMessage.m */ = {isa = PBXFileReference; fileEncoding = 4; lastKnownFileType = sourcecode.c.objc; name = SESequencerMessage.m; path = Rhythmus/API/Sequencer/SESequencerMessage.m; sourceTree = "<group>"; };
		CEA992971988F00E00CAB5AC /* SEReceiverDelegate.h */ = {isa = PBXFileReference; lastKnownFileType = sourcecode.c.h; name = SEReceiverDelegate.h; path = Rhythmus/API/Sequencer/SEReceiverDelegate.h; sourceTree = "<group>"; };
		CEA992A0198A85FE00CAB5AC /* SEAudioController.h */ = {isa = PBXFileReference; fileEncoding = 4; lastKnownFileType = sourcecode.c.h; name = SEAudioController.h; path = Rhythmus/API/SEAudioController.h; sourceTree = "<group>"; };
		CEA992A1198A85FE00CAB5AC /* SEAudioController.m */ = {isa = PBXFileReference; fileEncoding = 4; lastKnownFileType = sourcecode.c.objc; name = SEAudioController.m; path = Rhythmus/API/SEAudioController.m; sourceTree = "<group>"; };
		CEA992A3198A88BA00CAB5AC /* CoreAudio.framework */ = {isa = PBXFileReference; lastKnownFileType = wrapper.framework; name = CoreAudio.framework; path = System/Library/Frameworks/CoreAudio.framework; sourceTree = SDKROOT; };
		CEA992A5198A892200CAB5AC /* AudioToolbox.framework */ = {isa = PBXFileReference; lastKnownFileType = wrapper.framework; name = AudioToolbox.framework; path = System/Library/Frameworks/AudioToolbox.framework; sourceTree = SDKROOT; };
		CED77FCF199375D90014449A /* SEMusicTimebase.h */ = {isa = PBXFileReference; fileEncoding = 4; lastKnownFileType = sourcecode.c.h; name = SEMusicTimebase.h; path = Rhythmus/API/Sequencer/SEMusicTimebase.h; sourceTree = "<group>"; };
		CED77FD0199375D90014449A /* SEMusicTimebase.m */ = {isa = PBXFileReference; fileEncoding = 4; lastKnownFileType = sourcecode.c.objc; name = SEMusicTimebase.m; path = Rhythmus/API/Sequencer/SEMusicTimebase.m; sourceTree = "<group>"; };
		CED77FD21993E99A0014449A /* UIColor+iOS7Colors.h */ = {isa = PBXFileReference; fileEncoding = 4; lastKnownFileType = sourcecode.c.h; name = "UIColor+iOS7Colors.h"; path = "Rhythmus/UI/UIColor+iOS7Colors.h"; sourceTree = "<group>"; };
		CED77FD31993E99A0014449A /* UIColor+iOS7Colors.m */ = {isa = PBXFileReference; fileEncoding = 4; lastKnownFileType = sourcecode.c.objc; name = "UIColor+iOS7Colors.m"; path = "Rhythmus/UI/UIColor+iOS7Colors.m"; sourceTree = "<group>"; };
		CED77FD61993F59D0014449A /* PadsWorkspaceVC.h */ = {isa = PBXFileReference; fileEncoding = 4; lastKnownFileType = sourcecode.c.h; name = PadsWorkspaceVC.h; path = Rhythmus/UI/PadsWorkspaceVC.h; sourceTree = "<group>"; };
		CED77FD71993F59D0014449A /* PadsWorkspaceVC.m */ = {isa = PBXFileReference; fileEncoding = 4; lastKnownFileType = sourcecode.c.objc; name = PadsWorkspaceVC.m; path = Rhythmus/UI/PadsWorkspaceVC.m; sourceTree = "<group>"; };
		CED77FD91993FC570014449A /* bassdrum.aif */ = {isa = PBXFileReference; lastKnownFileType = file; name = bassdrum.aif; path = Sounds/bassdrum.aif; sourceTree = "<group>"; };
		CED77FDA1993FC570014449A /* hihat.aif */ = {isa = PBXFileReference; lastKnownFileType = file; name = hihat.aif; path = Sounds/hihat.aif; sourceTree = "<group>"; };
		CED77FE01994D3800014449A /* PlaybackVC.h */ = {isa = PBXFileReference; fileEncoding = 4; lastKnownFileType = sourcecode.c.h; name = PlaybackVC.h; path = Rhythmus/UI/PlaybackVC.h; sourceTree = "<group>"; };
		CED77FE11994D3800014449A /* PlaybackVC.m */ = {isa = PBXFileReference; fileEncoding = 4; lastKnownFileType = sourcecode.c.objc; name = PlaybackVC.m; path = Rhythmus/UI/PlaybackVC.m; sourceTree = "<group>"; };
		CED77FE71994E4EC0014449A /* recButtonActive.png */ = {isa = PBXFileReference; lastKnownFileType = image.png; name = recButtonActive.png; path = Pics/recButtonActive.png; sourceTree = "<group>"; };
		CED77FE81994E4EC0014449A /* recButtonActive@2x.png */ = {isa = PBXFileReference; lastKnownFileType = image.png; name = "recButtonActive@2x.png"; path = "Pics/recButtonActive@2x.png"; sourceTree = "<group>"; };
		CED77FE91994E4EC0014449A /* recButtonDisactive.png */ = {isa = PBXFileReference; lastKnownFileType = image.png; name = recButtonDisactive.png; path = Pics/recButtonDisactive.png; sourceTree = "<group>"; };
		CED77FEA1994E4EC0014449A /* recButtonDisactive@2x.png */ = {isa = PBXFileReference; lastKnownFileType = image.png; name = "recButtonDisactive@2x.png"; path = "Pics/recButtonDisactive@2x.png"; sourceTree = "<group>"; };
		CED77FEF1994E8AE0014449A /* recButtonRecording.png */ = {isa = PBXFileReference; lastKnownFileType = image.png; name = recButtonRecording.png; path = Pics/recButtonRecording.png; sourceTree = "<group>"; };
		CED77FF01994E8AE0014449A /* recButtonRecording@2x.png */ = {isa = PBXFileReference; lastKnownFileType = image.png; name = "recButtonRecording@2x.png"; path = "Pics/recButtonRecording@2x.png"; sourceTree = "<group>"; };
		CED77FF11994E8AE0014449A /* playButtonDisactive.png */ = {isa = PBXFileReference; lastKnownFileType = image.png; name = playButtonDisactive.png; path = Pics/playButtonDisactive.png; sourceTree = "<group>"; };
		CED77FF21994E8AE0014449A /* playButtonDisactive@2x.png */ = {isa = PBXFileReference; lastKnownFileType = image.png; name = "playButtonDisactive@2x.png"; path = "Pics/playButtonDisactive@2x.png"; sourceTree = "<group>"; };
		CED77FF31994E8AE0014449A /* playButtonActive.png */ = {isa = PBXFileReference; lastKnownFileType = image.png; name = playButtonActive.png; path = Pics/playButtonActive.png; sourceTree = "<group>"; };
		CED77FF41994E8AE0014449A /* playButtonActive@2x.png */ = {isa = PBXFileReference; lastKnownFileType = image.png; name = "playButtonActive@2x.png"; path = "Pics/playButtonActive@2x.png"; sourceTree = "<group>"; };
		CED77FF51994E8AE0014449A /* playButtonPlaying.png */ = {isa = PBXFileReference; lastKnownFileType = image.png; name = playButtonPlaying.png; path = Pics/playButtonPlaying.png; sourceTree = "<group>"; };
		CED77FF61994E8AE0014449A /* playButtonPlaying@2x.png */ = {isa = PBXFileReference; lastKnownFileType = image.png; name = "playButtonPlaying@2x.png"; path = "Pics/playButtonPlaying@2x.png"; sourceTree = "<group>"; };
		CED7800119953F450014449A /* drumstick.wav */ = {isa = PBXFileReference; lastKnownFileType = audio.wav; name = drumstick.wav; path = Sounds/drumstick.wav; sourceTree = "<group>"; };
		CEE76628198CF499002A3E93 /* fileCabinet.png */ = {isa = PBXFileReference; lastKnownFileType = image.png; name = fileCabinet.png; path = Pics/fileCabinet.png; sourceTree = "<group>"; };
		CEE76629198CF499002A3E93 /* fileCabinet@2x.png */ = {isa = PBXFileReference; lastKnownFileType = image.png; name = "fileCabinet@2x.png"; path = "Pics/fileCabinet@2x.png"; sourceTree = "<group>"; };
		CEE7662A198CF499002A3E93 /* padViewTabIcon.png */ = {isa = PBXFileReference; lastKnownFileType = image.png; name = padViewTabIcon.png; path = Pics/padViewTabIcon.png; sourceTree = "<group>"; };
		CEE7662B198CF499002A3E93 /* padViewTabIcon@2x.png */ = {isa = PBXFileReference; lastKnownFileType = image.png; name = "padViewTabIcon@2x.png"; path = "Pics/padViewTabIcon@2x.png"; sourceTree = "<group>"; };
		CEE7662C198CF499002A3E93 /* pencil.png */ = {isa = PBXFileReference; lastKnownFileType = image.png; name = pencil.png; path = Pics/pencil.png; sourceTree = "<group>"; };
		CEE7662D198CF499002A3E93 /* pencil@2x.png */ = {isa = PBXFileReference; lastKnownFileType = image.png; name = "pencil@2x.png"; path = "Pics/pencil@2x.png"; sourceTree = "<group>"; };
		CEE76634198CF509002A3E93 /* UIColor+ColorFromHexString.m */ = {isa = PBXFileReference; fileEncoding = 4; lastKnownFileType = sourcecode.c.objc; name = "UIColor+ColorFromHexString.m"; path = "Rhythmus/UI/UIColor+ColorFromHexString.m"; sourceTree = "<group>"; };
		CEE76635198CF509002A3E93 /* UIColor+ColorFromHexString.h */ = {isa = PBXFileReference; fileEncoding = 4; lastKnownFileType = sourcecode.c.h; name = "UIColor+ColorFromHexString.h"; path = "Rhythmus/UI/UIColor+ColorFromHexString.h"; sourceTree = "<group>"; };
		CEE76637198CF516002A3E93 /* snare.aif */ = {isa = PBXFileReference; lastKnownFileType = file; name = snare.aif; path = Sounds/snare.aif; sourceTree = "<group>"; };
		CEE7663D198CF7E2002A3E93 /* tapBarBackground.png */ = {isa = PBXFileReference; lastKnownFileType = image.png; name = tapBarBackground.png; path = Pics/tapBarBackground.png; sourceTree = "<group>"; };
		CEE7663E198CF7E2002A3E93 /* tapBarBackground@2x.png */ = {isa = PBXFileReference; lastKnownFileType = image.png; name = "tapBarBackground@2x.png"; path = "Pics/tapBarBackground@2x.png"; sourceTree = "<group>"; };
		CEE76641198CFDEB002A3E93 /* SELibraryVC.h */ = {isa = PBXFileReference; fileEncoding = 4; lastKnownFileType = sourcecode.c.h; name = SELibraryVC.h; path = Rhythmus/UI/SELibraryVC.h; sourceTree = "<group>"; };
		CEE76642198CFDEB002A3E93 /* SELibraryVC.m */ = {isa = PBXFileReference; fileEncoding = 4; lastKnownFileType = sourcecode.c.objc; name = SELibraryVC.m; path = Rhythmus/UI/SELibraryVC.m; sourceTree = "<group>"; };
		CEE76643198CFDEB002A3E93 /* SELibraryVC.xib */ = {isa = PBXFileReference; fileEncoding = 4; lastKnownFileType = file.xib; name = SELibraryVC.xib; path = Rhythmus/UI/SELibraryVC.xib; sourceTree = "<group>"; };
		CEE76649198CFE30002A3E93 /* SEPadsVC.h */ = {isa = PBXFileReference; fileEncoding = 4; lastKnownFileType = sourcecode.c.h; name = SEPadsVC.h; path = Rhythmus/UI/SEPadsVC.h; sourceTree = "<group>"; };
		CEE7664A198CFE30002A3E93 /* SEPadsVC.m */ = {isa = PBXFileReference; fileEncoding = 4; lastKnownFileType = sourcecode.c.objc; name = SEPadsVC.m; path = Rhythmus/UI/SEPadsVC.m; sourceTree = "<group>"; };
		CEE7664B198CFE30002A3E93 /* SEPadsVC.xib */ = {isa = PBXFileReference; fileEncoding = 4; lastKnownFileType = file.xib; name = SEPadsVC.xib; path = Rhythmus/UI/SEPadsVC.xib; sourceTree = "<group>"; };
		CEE7664E198CFE4C002A3E93 /* SERedactorVC.h */ = {isa = PBXFileReference; fileEncoding = 4; lastKnownFileType = sourcecode.c.h; name = SERedactorVC.h; path = Rhythmus/UI/SERedactorVC.h; sourceTree = "<group>"; };
		CEE7664F198CFE4C002A3E93 /* SERedactorVC.m */ = {isa = PBXFileReference; fileEncoding = 4; lastKnownFileType = sourcecode.c.objc; name = SERedactorVC.m; path = Rhythmus/UI/SERedactorVC.m; sourceTree = "<group>"; };
		CEE76650198CFE4C002A3E93 /* SERedactorVC.xib */ = {isa = PBXFileReference; fileEncoding = 4; lastKnownFileType = file.xib; name = SERedactorVC.xib; path = Rhythmus/UI/SERedactorVC.xib; sourceTree = "<group>"; };
/* End PBXFileReference section */

/* Begin PBXFrameworksBuildPhase section */
		CEA991C3198640F200CAB5AC /* Frameworks */ = {
			isa = PBXFrameworksBuildPhase;
			buildActionMask = 2147483647;
			files = (
				CEA992A6198A892200CAB5AC /* AudioToolbox.framework in Frameworks */,
				CEA991CC198640F200CAB5AC /* CoreGraphics.framework in Frameworks */,
				CEA991CE198640F200CAB5AC /* UIKit.framework in Frameworks */,
				CEA991CA198640F200CAB5AC /* Foundation.framework in Frameworks */,
			);
			runOnlyForDeploymentPostprocessing = 0;
		};
		CEA991E3198640F200CAB5AC /* Frameworks */ = {
			isa = PBXFrameworksBuildPhase;
			buildActionMask = 2147483647;
			files = (
				CEA991E8198640F200CAB5AC /* XCTest.framework in Frameworks */,
				CEA991EA198640F200CAB5AC /* UIKit.framework in Frameworks */,
				CEA991E9198640F200CAB5AC /* Foundation.framework in Frameworks */,
			);
			runOnlyForDeploymentPostprocessing = 0;
		};
/* End PBXFrameworksBuildPhase section */

/* Begin PBXGroup section */
		CE6F974519914248009CED03 /* Resources */ = {
			isa = PBXGroup;
			children = (
				CEE0A48D198CEB8E00232745 /* Audio */,
				CEE7661B198CF407002A3E93 /* Images */,
			);
			name = Resources;
			sourceTree = "<group>";
		};
		CEA991BD198640F200CAB5AC = {
			isa = PBXGroup;
			children = (
				CEA991FF1986459600CAB5AC /* UI */,
				CEA991FE1986458400CAB5AC /* API */,
				CEA991D1198640F200CAB5AC /* Rhythmus */,
				CEA991EE198640F200CAB5AC /* RhythmusTests */,
				CEA991C8198640F200CAB5AC /* Frameworks */,
				CEA991C7198640F200CAB5AC /* Products */,
			);
			sourceTree = "<group>";
		};
		CEA991C7198640F200CAB5AC /* Products */ = {
			isa = PBXGroup;
			children = (
				CEA991C6198640F200CAB5AC /* Rhythmus.app */,
				CEA991E6198640F200CAB5AC /* RhythmusTests.xctest */,
			);
			name = Products;
			sourceTree = "<group>";
		};
		CEA991C8198640F200CAB5AC /* Frameworks */ = {
			isa = PBXGroup;
			children = (
				CEA992A5198A892200CAB5AC /* AudioToolbox.framework */,
				CEA992A3198A88BA00CAB5AC /* CoreAudio.framework */,
				CEA991C9198640F200CAB5AC /* Foundation.framework */,
				CEA991CB198640F200CAB5AC /* CoreGraphics.framework */,
				CEA991CD198640F200CAB5AC /* UIKit.framework */,
				CEA991E7198640F200CAB5AC /* XCTest.framework */,
			);
			name = Frameworks;
			sourceTree = "<group>";
		};
		CEA991D1198640F200CAB5AC /* Rhythmus */ = {
			isa = PBXGroup;
			children = (
				CE6F974519914248009CED03 /* Resources */,
				CEA991DA198640F200CAB5AC /* SEAppDelegate.h */,
				CEA991DB198640F200CAB5AC /* SEAppDelegate.m */,
				CEA991E0198640F200CAB5AC /* Images.xcassets */,
				CEA991DD198640F200CAB5AC /* Rhythmus.xcdatamodeld */,
				CEA991D2198640F200CAB5AC /* Supporting Files */,
			);
			path = Rhythmus;
			sourceTree = "<group>";
		};
		CEA991D2198640F200CAB5AC /* Supporting Files */ = {
			isa = PBXGroup;
			children = (
				CEA991D3198640F200CAB5AC /* Rhythmus-Info.plist */,
				CEA991D4198640F200CAB5AC /* InfoPlist.strings */,
				CEA991D7198640F200CAB5AC /* main.m */,
				CEA991D9198640F200CAB5AC /* Rhythmus-Prefix.pch */,
			);
			name = "Supporting Files";
			sourceTree = "<group>";
		};
		CEA991EE198640F200CAB5AC /* RhythmusTests */ = {
			isa = PBXGroup;
			children = (
				CEA991F4198640F200CAB5AC /* RhythmusTests.m */,
				CEA991EF198640F200CAB5AC /* Supporting Files */,
			);
			path = RhythmusTests;
			sourceTree = "<group>";
		};
		CEA991EF198640F200CAB5AC /* Supporting Files */ = {
			isa = PBXGroup;
			children = (
				CEA991F0198640F200CAB5AC /* RhythmusTests-Info.plist */,
				CEA991F1198640F200CAB5AC /* InfoPlist.strings */,
			);
			name = "Supporting Files";
			sourceTree = "<group>";
		};
		CEA991FE1986458400CAB5AC /* API */ = {
			isa = PBXGroup;
			children = (
				CEA99200198645AA00CAB5AC /* Sequencer */,
				CEA9921A1986466800CAB5AC /* SERhythmusPattern.h */,
				CEA9921B1986466800CAB5AC /* SERhythmusPattern.m */,
				CEA992A0198A85FE00CAB5AC /* SEAudioController.h */,
				CEA992A1198A85FE00CAB5AC /* SEAudioController.m */,
			);
			name = API;
			sourceTree = "<group>";
		};
		CEA991FF1986459600CAB5AC /* UI */ = {
			isa = PBXGroup;
			children = (
				CED77FD51993F53B0014449A /* PadsView */,
				CEE76641198CFDEB002A3E93 /* SELibraryVC.h */,
				CEE76642198CFDEB002A3E93 /* SELibraryVC.m */,
				CEE76643198CFDEB002A3E93 /* SELibraryVC.xib */,
				CEE7664E198CFE4C002A3E93 /* SERedactorVC.h */,
				CEE7664F198CFE4C002A3E93 /* SERedactorVC.m */,
				CEE76650198CFE4C002A3E93 /* SERedactorVC.xib */,
				CEE76635198CF509002A3E93 /* UIColor+ColorFromHexString.h */,
				CEE76634198CF509002A3E93 /* UIColor+ColorFromHexString.m */,
				CED77FD21993E99A0014449A /* UIColor+iOS7Colors.h */,
				CED77FD31993E99A0014449A /* UIColor+iOS7Colors.m */,
			);
			name = UI;
			sourceTree = "<group>";
		};
		CEA99200198645AA00CAB5AC /* Sequencer */ = {
			isa = PBXGroup;
			children = (
				CEA992211986467100CAB5AC /* Sequencer Protocols */,
				CEA9928A19878EA900CAB5AC /* SESystemTimer.h */,
				CEA9928B19878EA900CAB5AC /* SESystemTimer.m */,
				CEA9928119878E3700CAB5AC /* SESequencer.h */,
				CEA9928219878E3700CAB5AC /* SESequencer.m */,
				CEA992931987934F00CAB5AC /* SESequencerMessage.m */,
				CEA992921987934F00CAB5AC /* SESequencerMessage.h */,
				CED77FCF199375D90014449A /* SEMusicTimebase.h */,
				CED77FD0199375D90014449A /* SEMusicTimebase.m */,
			);
			name = Sequencer;
			sourceTree = "<group>";
		};
		CEA992211986467100CAB5AC /* Sequencer Protocols */ = {
			isa = PBXGroup;
			children = (
				CEA992971988F00E00CAB5AC /* SEReceiverDelegate.h */,
			);
			name = "Sequencer Protocols";
			sourceTree = "<group>";
		};
		CED77FD51993F53B0014449A /* PadsView */ = {
			isa = PBXGroup;
			children = (
				CED77FE01994D3800014449A /* PlaybackVC.h */,
				CED77FE11994D3800014449A /* PlaybackVC.m */,
				CED77FD61993F59D0014449A /* PadsWorkspaceVC.h */,
				CED77FD71993F59D0014449A /* PadsWorkspaceVC.m */,
				CEE76649198CFE30002A3E93 /* SEPadsVC.h */,
				CEE7664A198CFE30002A3E93 /* SEPadsVC.m */,
				CEE7664B198CFE30002A3E93 /* SEPadsVC.xib */,
			);
			name = PadsView;
			sourceTree = "<group>";
		};
		CEE0A48D198CEB8E00232745 /* Audio */ = {
			isa = PBXGroup;
			children = (
				CED7800119953F450014449A /* drumstick.wav */,
				CED77FD91993FC570014449A /* bassdrum.aif */,
				CED77FDA1993FC570014449A /* hihat.aif */,
				CE6F973C198FE9FA009CED03 /* clap.aif */,
				CEE76637198CF516002A3E93 /* snare.aif */,
			);
			name = Audio;
			sourceTree = "<group>";
		};
		CEE7661B198CF407002A3E93 /* Images */ = {
			isa = PBXGroup;
			children = (
				CED77FEF1994E8AE0014449A /* recButtonRecording.png */,
				CED77FF01994E8AE0014449A /* recButtonRecording@2x.png */,
				CED77FF11994E8AE0014449A /* playButtonDisactive.png */,
				CED77FF21994E8AE0014449A /* playButtonDisactive@2x.png */,
				CED77FF31994E8AE0014449A /* playButtonActive.png */,
				CED77FF41994E8AE0014449A /* playButtonActive@2x.png */,
				CED77FF51994E8AE0014449A /* playButtonPlaying.png */,
				CED77FF61994E8AE0014449A /* playButtonPlaying@2x.png */,
				CED77FE71994E4EC0014449A /* recButtonActive.png */,
				CED77FE81994E4EC0014449A /* recButtonActive@2x.png */,
				CED77FE91994E4EC0014449A /* recButtonDisactive.png */,
				CED77FEA1994E4EC0014449A /* recButtonDisactive@2x.png */,
				CEE7663D198CF7E2002A3E93 /* tapBarBackground.png */,
				CEE7663E198CF7E2002A3E93 /* tapBarBackground@2x.png */,
				CEE76628198CF499002A3E93 /* fileCabinet.png */,
				CEE76629198CF499002A3E93 /* fileCabinet@2x.png */,
				CEE7662A198CF499002A3E93 /* padViewTabIcon.png */,
				CEE7662B198CF499002A3E93 /* padViewTabIcon@2x.png */,
				CEE7662C198CF499002A3E93 /* pencil.png */,
				CEE7662D198CF499002A3E93 /* pencil@2x.png */,
			);
			name = Images;
			sourceTree = "<group>";
		};
/* End PBXGroup section */

/* Begin PBXNativeTarget section */
		CEA991C5198640F200CAB5AC /* Rhythmus */ = {
			isa = PBXNativeTarget;
			buildConfigurationList = CEA991F8198640F200CAB5AC /* Build configuration list for PBXNativeTarget "Rhythmus" */;
			buildPhases = (
				CEA991C2198640F200CAB5AC /* Sources */,
				CEA991C3198640F200CAB5AC /* Frameworks */,
				CEA991C4198640F200CAB5AC /* Resources */,
			);
			buildRules = (
			);
			dependencies = (
			);
			name = Rhythmus;
			productName = Rhythmus;
			productReference = CEA991C6198640F200CAB5AC /* Rhythmus.app */;
			productType = "com.apple.product-type.application";
		};
		CEA991E5198640F200CAB5AC /* RhythmusTests */ = {
			isa = PBXNativeTarget;
			buildConfigurationList = CEA991FB198640F200CAB5AC /* Build configuration list for PBXNativeTarget "RhythmusTests" */;
			buildPhases = (
				CEA991E2198640F200CAB5AC /* Sources */,
				CEA991E3198640F200CAB5AC /* Frameworks */,
				CEA991E4198640F200CAB5AC /* Resources */,
			);
			buildRules = (
			);
			dependencies = (
				CEA991ED198640F200CAB5AC /* PBXTargetDependency */,
			);
			name = RhythmusTests;
			productName = RhythmusTests;
			productReference = CEA991E6198640F200CAB5AC /* RhythmusTests.xctest */;
			productType = "com.apple.product-type.bundle.unit-test";
		};
/* End PBXNativeTarget section */

/* Begin PBXProject section */
		CEA991BE198640F200CAB5AC /* Project object */ = {
			isa = PBXProject;
			attributes = {
				CLASSPREFIX = SE;
				LastUpgradeCheck = 0510;
				ORGANIZATIONNAME = "Smirnov Electronics";
				TargetAttributes = {
					CEA991E5198640F200CAB5AC = {
						TestTargetID = CEA991C5198640F200CAB5AC;
					};
				};
			};
			buildConfigurationList = CEA991C1198640F200CAB5AC /* Build configuration list for PBXProject "Rhythmus" */;
			compatibilityVersion = "Xcode 3.2";
			developmentRegion = English;
			hasScannedForEncodings = 0;
			knownRegions = (
				en,
			);
			mainGroup = CEA991BD198640F200CAB5AC;
			productRefGroup = CEA991C7198640F200CAB5AC /* Products */;
			projectDirPath = "";
			projectRoot = "";
			targets = (
				CEA991C5198640F200CAB5AC /* Rhythmus */,
				CEA991E5198640F200CAB5AC /* RhythmusTests */,
			);
		};
/* End PBXProject section */

/* Begin PBXResourcesBuildPhase section */
		CEA991C4198640F200CAB5AC /* Resources */ = {
			isa = PBXResourcesBuildPhase;
			buildActionMask = 2147483647;
			files = (
				CEE76632198CF499002A3E93 /* pencil.png in Resources */,
				CEE7663F198CF7E2002A3E93 /* tapBarBackground.png in Resources */,
				CED77FFD1994E8AE0014449A /* playButtonPlaying.png in Resources */,
				CED77FDC1993FC570014449A /* hihat.aif in Resources */,
				CEE76638198CF516002A3E93 /* snare.aif in Resources */,
				CED77FEB1994E4EC0014449A /* recButtonActive.png in Resources */,
				CEE7662E198CF499002A3E93 /* fileCabinet.png in Resources */,
				CE6F973D198FE9FA009CED03 /* clap.aif in Resources */,
				CED77FFA1994E8AE0014449A /* playButtonDisactive@2x.png in Resources */,
				CEE7664D198CFE30002A3E93 /* SEPadsVC.xib in Resources */,
				CED77FEC1994E4EC0014449A /* recButtonActive@2x.png in Resources */,
				CED77FFE1994E8AE0014449A /* playButtonPlaying@2x.png in Resources */,
				CEA991D6198640F200CAB5AC /* InfoPlist.strings in Resources */,
				CEE76640198CF7E2002A3E93 /* tapBarBackground@2x.png in Resources */,
				CEE76633198CF499002A3E93 /* pencil@2x.png in Resources */,
				CEE7662F198CF499002A3E93 /* fileCabinet@2x.png in Resources */,
				CEA991E1198640F200CAB5AC /* Images.xcassets in Resources */,
				CED77FF81994E8AE0014449A /* recButtonRecording@2x.png in Resources */,
				CED77FDB1993FC570014449A /* bassdrum.aif in Resources */,
				CED77FFC1994E8AE0014449A /* playButtonActive@2x.png in Resources */,
				CED77FFB1994E8AE0014449A /* playButtonActive.png in Resources */,
				CED77FF91994E8AE0014449A /* playButtonDisactive.png in Resources */,
				CED77FEE1994E4EC0014449A /* recButtonDisactive@2x.png in Resources */,
				CEE76631198CF499002A3E93 /* padViewTabIcon@2x.png in Resources */,
				CEE76645198CFDEB002A3E93 /* SELibraryVC.xib in Resources */,
				CED7800219953F450014449A /* drumstick.wav in Resources */,
				CEE76652198CFE4C002A3E93 /* SERedactorVC.xib in Resources */,
				CEE76630198CF499002A3E93 /* padViewTabIcon.png in Resources */,
				CED77FF71994E8AE0014449A /* recButtonRecording.png in Resources */,
				CED77FED1994E4EC0014449A /* recButtonDisactive.png in Resources */,
			);
			runOnlyForDeploymentPostprocessing = 0;
		};
		CEA991E4198640F200CAB5AC /* Resources */ = {
			isa = PBXResourcesBuildPhase;
			buildActionMask = 2147483647;
			files = (
				CEA991F3198640F200CAB5AC /* InfoPlist.strings in Resources */,
			);
			runOnlyForDeploymentPostprocessing = 0;
		};
/* End PBXResourcesBuildPhase section */

/* Begin PBXSourcesBuildPhase section */
		CEA991C2198640F200CAB5AC /* Sources */ = {
			isa = PBXSourcesBuildPhase;
			buildActionMask = 2147483647;
			files = (
				CEA992A2198A85FE00CAB5AC /* SEAudioController.m in Sources */,
				CEA992941987934F00CAB5AC /* SESequencerMessage.m in Sources */,
				CEA9928C19878EA900CAB5AC /* SESystemTimer.m in Sources */,
				CEA9928319878E3700CAB5AC /* SESequencer.m in Sources */,
				CEA992201986466800CAB5AC /* SERhythmusPattern.m in Sources */,
				CEE7664C198CFE30002A3E93 /* SEPadsVC.m in Sources */,
				CEE76644198CFDEB002A3E93 /* SELibraryVC.m in Sources */,
				CED77FE21994D3800014449A /* PlaybackVC.m in Sources */,
				CED77FD81993F59D0014449A /* PadsWorkspaceVC.m in Sources */,
				CEA991DC198640F200CAB5AC /* SEAppDelegate.m in Sources */,
				CEE76651198CFE4C002A3E93 /* SERedactorVC.m in Sources */,
				CED77FD41993E99A0014449A /* UIColor+iOS7Colors.m in Sources */,
				CEA991D8198640F200CAB5AC /* main.m in Sources */,
				CEE76636198CF509002A3E93 /* UIColor+ColorFromHexString.m in Sources */,
				CEA991DF198640F200CAB5AC /* Rhythmus.xcdatamodeld in Sources */,
				CED77FD1199375D90014449A /* SEMusicTimebase.m in Sources */,
			);
			runOnlyForDeploymentPostprocessing = 0;
		};
		CEA991E2198640F200CAB5AC /* Sources */ = {
			isa = PBXSourcesBuildPhase;
			buildActionMask = 2147483647;
			files = (
				CEA991F5198640F200CAB5AC /* RhythmusTests.m in Sources */,
			);
			runOnlyForDeploymentPostprocessing = 0;
		};
/* End PBXSourcesBuildPhase section */

/* Begin PBXTargetDependency section */
		CEA991ED198640F200CAB5AC /* PBXTargetDependency */ = {
			isa = PBXTargetDependency;
			target = CEA991C5198640F200CAB5AC /* Rhythmus */;
			targetProxy = CEA991EC198640F200CAB5AC /* PBXContainerItemProxy */;
		};
/* End PBXTargetDependency section */

/* Begin PBXVariantGroup section */
		CEA991D4198640F200CAB5AC /* InfoPlist.strings */ = {
			isa = PBXVariantGroup;
			children = (
				CEA991D5198640F200CAB5AC /* en */,
			);
			name = InfoPlist.strings;
			sourceTree = "<group>";
		};
		CEA991F1198640F200CAB5AC /* InfoPlist.strings */ = {
			isa = PBXVariantGroup;
			children = (
				CEA991F2198640F200CAB5AC /* en */,
			);
			name = InfoPlist.strings;
			sourceTree = "<group>";
		};
/* End PBXVariantGroup section */

/* Begin XCBuildConfiguration section */
		CEA991F6198640F200CAB5AC /* Debug */ = {
			isa = XCBuildConfiguration;
			buildSettings = {
				ALWAYS_SEARCH_USER_PATHS = NO;
				CLANG_CXX_LANGUAGE_STANDARD = "gnu++0x";
				CLANG_CXX_LIBRARY = "libc++";
				CLANG_ENABLE_MODULES = YES;
				CLANG_ENABLE_OBJC_ARC = YES;
				CLANG_WARN_BOOL_CONVERSION = YES;
				CLANG_WARN_CONSTANT_CONVERSION = YES;
				CLANG_WARN_DIRECT_OBJC_ISA_USAGE = YES_ERROR;
				CLANG_WARN_EMPTY_BODY = YES;
				CLANG_WARN_ENUM_CONVERSION = YES;
				CLANG_WARN_INT_CONVERSION = YES;
				CLANG_WARN_OBJC_ROOT_CLASS = YES_ERROR;
				CLANG_WARN__DUPLICATE_METHOD_MATCH = YES;
				"CODE_SIGN_IDENTITY[sdk=iphoneos*]" = "iPhone Developer";
				COPY_PHASE_STRIP = NO;
				GCC_C_LANGUAGE_STANDARD = gnu99;
				GCC_DYNAMIC_NO_PIC = NO;
				GCC_OPTIMIZATION_LEVEL = 0;
				GCC_PREPROCESSOR_DEFINITIONS = (
					"DEBUG=1",
					"$(inherited)",
				);
				GCC_SYMBOLS_PRIVATE_EXTERN = NO;
				GCC_WARN_64_TO_32_BIT_CONVERSION = YES;
				GCC_WARN_ABOUT_RETURN_TYPE = YES_ERROR;
				GCC_WARN_UNDECLARED_SELECTOR = YES;
				GCC_WARN_UNINITIALIZED_AUTOS = YES_AGGRESSIVE;
				GCC_WARN_UNUSED_FUNCTION = YES;
				GCC_WARN_UNUSED_VARIABLE = YES;
				IPHONEOS_DEPLOYMENT_TARGET = 7.1;
				ONLY_ACTIVE_ARCH = YES;
				SDKROOT = iphoneos;
			};
			name = Debug;
		};
		CEA991F7198640F200CAB5AC /* Release */ = {
			isa = XCBuildConfiguration;
			buildSettings = {
				ALWAYS_SEARCH_USER_PATHS = NO;
				CLANG_CXX_LANGUAGE_STANDARD = "gnu++0x";
				CLANG_CXX_LIBRARY = "libc++";
				CLANG_ENABLE_MODULES = YES;
				CLANG_ENABLE_OBJC_ARC = YES;
				CLANG_WARN_BOOL_CONVERSION = YES;
				CLANG_WARN_CONSTANT_CONVERSION = YES;
				CLANG_WARN_DIRECT_OBJC_ISA_USAGE = YES_ERROR;
				CLANG_WARN_EMPTY_BODY = YES;
				CLANG_WARN_ENUM_CONVERSION = YES;
				CLANG_WARN_INT_CONVERSION = YES;
				CLANG_WARN_OBJC_ROOT_CLASS = YES_ERROR;
				CLANG_WARN__DUPLICATE_METHOD_MATCH = YES;
				"CODE_SIGN_IDENTITY[sdk=iphoneos*]" = "iPhone Developer";
				COPY_PHASE_STRIP = YES;
				ENABLE_NS_ASSERTIONS = NO;
				GCC_C_LANGUAGE_STANDARD = gnu99;
				GCC_WARN_64_TO_32_BIT_CONVERSION = YES;
				GCC_WARN_ABOUT_RETURN_TYPE = YES_ERROR;
				GCC_WARN_UNDECLARED_SELECTOR = YES;
				GCC_WARN_UNINITIALIZED_AUTOS = YES_AGGRESSIVE;
				GCC_WARN_UNUSED_FUNCTION = YES;
				GCC_WARN_UNUSED_VARIABLE = YES;
				IPHONEOS_DEPLOYMENT_TARGET = 7.1;
				SDKROOT = iphoneos;
				VALIDATE_PRODUCT = YES;
			};
			name = Release;
		};
		CEA991F9198640F200CAB5AC /* Debug */ = {
			isa = XCBuildConfiguration;
			buildSettings = {
				ASSETCATALOG_COMPILER_APPICON_NAME = AppIcon;
				ASSETCATALOG_COMPILER_LAUNCHIMAGE_NAME = LaunchImage;
				GCC_PRECOMPILE_PREFIX_HEADER = YES;
				GCC_PREFIX_HEADER = "Rhythmus/Rhythmus-Prefix.pch";
				INFOPLIST_FILE = "Rhythmus/Rhythmus-Info.plist";
				PRODUCT_NAME = "$(TARGET_NAME)";
				WRAPPER_EXTENSION = app;
			};
			name = Debug;
		};
		CEA991FA198640F200CAB5AC /* Release */ = {
			isa = XCBuildConfiguration;
			buildSettings = {
				ASSETCATALOG_COMPILER_APPICON_NAME = AppIcon;
				ASSETCATALOG_COMPILER_LAUNCHIMAGE_NAME = LaunchImage;
				GCC_PRECOMPILE_PREFIX_HEADER = YES;
				GCC_PREFIX_HEADER = "Rhythmus/Rhythmus-Prefix.pch";
				INFOPLIST_FILE = "Rhythmus/Rhythmus-Info.plist";
				PRODUCT_NAME = "$(TARGET_NAME)";
				WRAPPER_EXTENSION = app;
			};
			name = Release;
		};
		CEA991FC198640F200CAB5AC /* Debug */ = {
			isa = XCBuildConfiguration;
			buildSettings = {
				BUNDLE_LOADER = "$(BUILT_PRODUCTS_DIR)/Rhythmus.app/Rhythmus";
				FRAMEWORK_SEARCH_PATHS = (
					"$(SDKROOT)/Developer/Library/Frameworks",
					"$(inherited)",
					"$(DEVELOPER_FRAMEWORKS_DIR)",
				);
				GCC_PRECOMPILE_PREFIX_HEADER = YES;
				GCC_PREFIX_HEADER = "Rhythmus/Rhythmus-Prefix.pch";
				GCC_PREPROCESSOR_DEFINITIONS = (
					"DEBUG=1",
					"$(inherited)",
				);
				INFOPLIST_FILE = "RhythmusTests/RhythmusTests-Info.plist";
				PRODUCT_NAME = "$(TARGET_NAME)";
				TEST_HOST = "$(BUNDLE_LOADER)";
				WRAPPER_EXTENSION = xctest;
			};
			name = Debug;
		};
		CEA991FD198640F200CAB5AC /* Release */ = {
			isa = XCBuildConfiguration;
			buildSettings = {
				BUNDLE_LOADER = "$(BUILT_PRODUCTS_DIR)/Rhythmus.app/Rhythmus";
				FRAMEWORK_SEARCH_PATHS = (
					"$(SDKROOT)/Developer/Library/Frameworks",
					"$(inherited)",
					"$(DEVELOPER_FRAMEWORKS_DIR)",
				);
				GCC_PRECOMPILE_PREFIX_HEADER = YES;
				GCC_PREFIX_HEADER = "Rhythmus/Rhythmus-Prefix.pch";
				INFOPLIST_FILE = "RhythmusTests/RhythmusTests-Info.plist";
				PRODUCT_NAME = "$(TARGET_NAME)";
				TEST_HOST = "$(BUNDLE_LOADER)";
				WRAPPER_EXTENSION = xctest;
			};
			name = Release;
		};
/* End XCBuildConfiguration section */

/* Begin XCConfigurationList section */
		CEA991C1198640F200CAB5AC /* Build configuration list for PBXProject "Rhythmus" */ = {
			isa = XCConfigurationList;
			buildConfigurations = (
				CEA991F6198640F200CAB5AC /* Debug */,
				CEA991F7198640F200CAB5AC /* Release */,
			);
			defaultConfigurationIsVisible = 0;
			defaultConfigurationName = Release;
		};
		CEA991F8198640F200CAB5AC /* Build configuration list for PBXNativeTarget "Rhythmus" */ = {
			isa = XCConfigurationList;
			buildConfigurations = (
				CEA991F9198640F200CAB5AC /* Debug */,
				CEA991FA198640F200CAB5AC /* Release */,
			);
			defaultConfigurationIsVisible = 0;
			defaultConfigurationName = Release;
		};
		CEA991FB198640F200CAB5AC /* Build configuration list for PBXNativeTarget "RhythmusTests" */ = {
			isa = XCConfigurationList;
			buildConfigurations = (
				CEA991FC198640F200CAB5AC /* Debug */,
				CEA991FD198640F200CAB5AC /* Release */,
			);
			defaultConfigurationIsVisible = 0;
			defaultConfigurationName = Release;
		};
/* End XCConfigurationList section */

/* Begin XCVersionGroup section */
		CEA991DD198640F200CAB5AC /* Rhythmus.xcdatamodeld */ = {
			isa = XCVersionGroup;
			children = (
				CEA991DE198640F200CAB5AC /* Rhythmus.xcdatamodel */,
			);
			currentVersion = CEA991DE198640F200CAB5AC /* Rhythmus.xcdatamodel */;
			path = Rhythmus.xcdatamodeld;
			sourceTree = "<group>";
			versionGroupType = wrapper.xcdatamodel;
		};
/* End XCVersionGroup section */
	};
	rootObject = CEA991BE198640F200CAB5AC /* Project object */;
}
